# This file is automatically @generated by Cargo.
# It is not intended for manual editing.
version = 4

[[package]]
name = "ferrofed-aql"
version = "0.0.0"
dependencies = [
 "ferrofed-testkit",
]

[[package]]
name = "ferrofed-engine"
version = "0.0.0"
dependencies = [
 "ferrofed-testkit",
]

[[package]]
name = "ferrofed-identity"
version = "0.0.0"

[[package]]
name = "ferrofed-identity-ihe"
version = "0.0.0"

[[package]]
name = "ferrofed-identity-nl"
version = "0.0.0"

[[package]]
name = "ferrofed-identity-xcpd"
version = "0.0.0"

[[package]]
name = "ferrofed-merge"
version = "0.0.0"

[[package]]
name = "ferrofed-registry"
version = "0.0.0"

[[package]]
name = "ferrofed-server"
version = "0.0.1-rc.1"

[[package]]
name = "ferrofed-testkit"
version = "0.0.1-rc.1"

[[package]]
name = "ferrofed-wire"
version = "0.0.0"
dependencies = [
 "ferrofed-testkit",
]
